# THIS IS AN AUTOGENERATED FILE. DO NOT EDIT THIS FILE DIRECTLY.
# yarn lockfile v1


"@aws-crypto/ie11-detection@^1.0.0":
  version "1.0.0"
  resolved "https://registry.yarnpkg.com/@aws-crypto/ie11-detection/-/ie11-detection-1.0.0.tgz#d3a6af29ba7f15458f79c41d1cd8cac3925e726a"
  integrity sha512-kCKVhCF1oDxFYgQrxXmIrS5oaWulkvRcPz+QBDMsUr2crbF4VGgGT6+uQhSwJFdUAQ2A//Vq+uT83eJrkzFgXA==
  dependencies:
    tslib "^1.11.1"

"@aws-crypto/sha256-browser@^1.0.0":
  version "1.1.0"
  resolved "https://registry.yarnpkg.com/@aws-crypto/sha256-browser/-/sha256-browser-1.1.0.tgz#20092cc6c08d8f04db0ed57b6f05cff150384f77"
  integrity sha512-VIpuLRDonMAHgomrsm/zKbeXTnxpr4aHDQmS4pF+NcpvBp64l675yjGA9hyUYs/QJwBjUl8WqMjh9tIRgi85Sg==
  dependencies:
    "@aws-crypto/ie11-detection" "^1.0.0"
    "@aws-crypto/sha256-js" "^1.1.0"
    "@aws-crypto/supports-web-crypto" "^1.0.0"
    "@aws-sdk/types" "^3.1.0"
    "@aws-sdk/util-locate-window" "^3.0.0"
    "@aws-sdk/util-utf8-browser" "^3.0.0"
    tslib "^1.11.1"

"@aws-crypto/sha256-js@^1.0.0", "@aws-crypto/sha256-js@^1.1.0":
  version "1.1.0"
  resolved "https://registry.yarnpkg.com/@aws-crypto/sha256-js/-/sha256-js-1.1.0.tgz#a58386ad18186e392e0f1d98d18831261d27b071"
  integrity sha512-VIhuqbPgXDVr8sZe2yhgQcDRRmzf4CI8fmC1A3bHiRfE6wlz1d8KpeemqbuoEHotz/Dch9yOxlshyQDNjNFeHA==
  dependencies:
    "@aws-sdk/types" "^3.1.0"
    "@aws-sdk/util-utf8-browser" "^3.0.0"
    tslib "^1.11.1"

"@aws-crypto/supports-web-crypto@^1.0.0":
  version "1.0.0"
  resolved "https://registry.yarnpkg.com/@aws-crypto/supports-web-crypto/-/supports-web-crypto-1.0.0.tgz#c40901bc17ac1e875e248df16a2b47ad8bfd9a93"
  integrity sha512-IHLfv+WmVH89EW4n6a5eE8/hUlz6qkWGMn/v4r5ZgzcXdTC5nolii2z3k46y01hWRiC2PPhOdeSLzMUCUMco7g==
  dependencies:
    tslib "^1.11.1"

"@aws-sdk/abort-controller@3.20.0":
  version "3.20.0"
  resolved "https://registry.yarnpkg.com/@aws-sdk/abort-controller/-/abort-controller-3.20.0.tgz#85332ddfc3919f303f21d05413ff574b05b7c56b"
  integrity sha512-DnJbLzICjB6NyZXFi5wv1m9Rd/+8GN+aeti76rFEunykG+O0+GQcqOxC/lH58MkLBjaLrQhGhC2H1/L4Z75TPw==
  dependencies:
    "@aws-sdk/types" "3.20.0"
    tslib "^2.0.0"

"@aws-sdk/client-dynamodb@^3.20.0":
  version "3.20.0"
  resolved "https://registry.yarnpkg.com/@aws-sdk/client-dynamodb/-/client-dynamodb-3.20.0.tgz#43a8220cbd362e2d667dfa1f533e0becae90bc53"
  integrity sha512-pAMESJbwUGfqJqY7qHGiGiVJFdOC/yfS+l/MVfW0mRcdEnPzxgwF/LiHkCp10aurSFD1cZbXReGjNQGFTKbDVw==
  dependencies:
    "@aws-crypto/sha256-browser" "^1.0.0"
    "@aws-crypto/sha256-js" "^1.0.0"
    "@aws-sdk/client-sts" "3.20.0"
    "@aws-sdk/config-resolver" "3.20.0"
    "@aws-sdk/credential-provider-node" "3.20.0"
    "@aws-sdk/fetch-http-handler" "3.20.0"
    "@aws-sdk/hash-node" "3.20.0"
    "@aws-sdk/invalid-dependency" "3.20.0"
    "@aws-sdk/middleware-content-length" "3.20.0"
    "@aws-sdk/middleware-endpoint-discovery" "3.20.0"
    "@aws-sdk/middleware-host-header" "3.20.0"
    "@aws-sdk/middleware-logger" "3.20.0"
    "@aws-sdk/middleware-retry" "3.20.0"
    "@aws-sdk/middleware-serde" "3.20.0"
    "@aws-sdk/middleware-signing" "3.20.0"
    "@aws-sdk/middleware-stack" "3.20.0"
    "@aws-sdk/middleware-user-agent" "3.20.0"
    "@aws-sdk/node-config-provider" "3.20.0"
    "@aws-sdk/node-http-handler" "3.20.0"
    "@aws-sdk/protocol-http" "3.20.0"
    "@aws-sdk/smithy-client" "3.20.0"
    "@aws-sdk/types" "3.20.0"
    "@aws-sdk/url-parser" "3.20.0"
    "@aws-sdk/util-base64-browser" "3.20.0"
    "@aws-sdk/util-base64-node" "3.20.0"
    "@aws-sdk/util-body-length-browser" "3.20.0"
    "@aws-sdk/util-body-length-node" "3.20.0"
    "@aws-sdk/util-user-agent-browser" "3.20.0"
    "@aws-sdk/util-user-agent-node" "3.20.0"
    "@aws-sdk/util-utf8-browser" "3.20.0"
    "@aws-sdk/util-utf8-node" "3.20.0"
    "@aws-sdk/util-waiter" "3.20.0"
    tslib "^2.0.0"
    uuid "^8.3.2"

"@aws-sdk/client-sso@3.20.0":
  version "3.20.0"
  resolved "https://registry.yarnpkg.com/@aws-sdk/client-sso/-/client-sso-3.20.0.tgz#31c9326744ed79bbbccb159f48df026a3775aff1"
  integrity sha512-pqLzjj9QIcsllFzakpZU8iPD38zkmfPq7EyLRLWwrR8GhRo+mBvmyG5D3rRDqmkR6G869OBa/hZngg9HmSfHDw==
  dependencies:
    "@aws-crypto/sha256-browser" "^1.0.0"
    "@aws-crypto/sha256-js" "^1.0.0"
    "@aws-sdk/config-resolver" "3.20.0"
    "@aws-sdk/fetch-http-handler" "3.20.0"
    "@aws-sdk/hash-node" "3.20.0"
    "@aws-sdk/invalid-dependency" "3.20.0"
    "@aws-sdk/middleware-content-length" "3.20.0"
    "@aws-sdk/middleware-host-header" "3.20.0"
    "@aws-sdk/middleware-logger" "3.20.0"
    "@aws-sdk/middleware-retry" "3.20.0"
    "@aws-sdk/middleware-serde" "3.20.0"
    "@aws-sdk/middleware-stack" "3.20.0"
    "@aws-sdk/middleware-user-agent" "3.20.0"
    "@aws-sdk/node-config-provider" "3.20.0"
    "@aws-sdk/node-http-handler" "3.20.0"
    "@aws-sdk/protocol-http" "3.20.0"
    "@aws-sdk/smithy-client" "3.20.0"
    "@aws-sdk/types" "3.20.0"
    "@aws-sdk/url-parser" "3.20.0"
    "@aws-sdk/util-base64-browser" "3.20.0"
    "@aws-sdk/util-base64-node" "3.20.0"
    "@aws-sdk/util-body-length-browser" "3.20.0"
    "@aws-sdk/util-body-length-node" "3.20.0"
    "@aws-sdk/util-user-agent-browser" "3.20.0"
    "@aws-sdk/util-user-agent-node" "3.20.0"
    "@aws-sdk/util-utf8-browser" "3.20.0"
    "@aws-sdk/util-utf8-node" "3.20.0"
    tslib "^2.0.0"

"@aws-sdk/client-sts@3.20.0":
  version "3.20.0"
  resolved "https://registry.yarnpkg.com/@aws-sdk/client-sts/-/client-sts-3.20.0.tgz#0fcdd2123c9dda24ea0548f43755c9b655048ba0"
  integrity sha512-Do3cg1p0c68mIAypDjLKJX12TQjWyM82Zh5XUbMFlYpQu4zKGkpG29nVSRXlBkCpHFS1T7WJUgqQjW36Xln6mg==
  dependencies:
    "@aws-crypto/sha256-browser" "^1.0.0"
    "@aws-crypto/sha256-js" "^1.0.0"
    "@aws-sdk/config-resolver" "3.20.0"
    "@aws-sdk/credential-provider-node" "3.20.0"
    "@aws-sdk/fetch-http-handler" "3.20.0"
    "@aws-sdk/hash-node" "3.20.0"
    "@aws-sdk/invalid-dependency" "3.20.0"
    "@aws-sdk/middleware-content-length" "3.20.0"
    "@aws-sdk/middleware-host-header" "3.20.0"
    "@aws-sdk/middleware-logger" "3.20.0"
    "@aws-sdk/middleware-retry" "3.20.0"
    "@aws-sdk/middleware-sdk-sts" "3.20.0"
    "@aws-sdk/middleware-serde" "3.20.0"
    "@aws-sdk/middleware-signing" "3.20.0"
    "@aws-sdk/middleware-stack" "3.20.0"
    "@aws-sdk/middleware-user-agent" "3.20.0"
    "@aws-sdk/node-config-provider" "3.20.0"
    "@aws-sdk/node-http-handler" "3.20.0"
    "@aws-sdk/protocol-http" "3.20.0"
    "@aws-sdk/smithy-client" "3.20.0"
    "@aws-sdk/types" "3.20.0"
    "@aws-sdk/url-parser" "3.20.0"
    "@aws-sdk/util-base64-browser" "3.20.0"
    "@aws-sdk/util-base64-node" "3.20.0"
    "@aws-sdk/util-body-length-browser" "3.20.0"
    "@aws-sdk/util-body-length-node" "3.20.0"
    "@aws-sdk/util-user-agent-browser" "3.20.0"
    "@aws-sdk/util-user-agent-node" "3.20.0"
    "@aws-sdk/util-utf8-browser" "3.20.0"
    "@aws-sdk/util-utf8-node" "3.20.0"
    entities "2.2.0"
    fast-xml-parser "3.19.0"
    tslib "^2.0.0"

"@aws-sdk/config-resolver@3.20.0":
  version "3.20.0"
  resolved "https://registry.yarnpkg.com/@aws-sdk/config-resolver/-/config-resolver-3.20.0.tgz#ad9852be9d9af8c96f312b69bdac8a82eba971ba"
  integrity sha512-mOq2RZIQHdZJxHWeNT0u3ulaWHAXr4NHuB/TBW66dJ8rRr5OlumnPHqbVb7x4qRbJqpzWvc1dj4RGR1x9NcIJA==
  dependencies:
    "@aws-sdk/signature-v4" "3.20.0"
    "@aws-sdk/types" "3.20.0"
    tslib "^2.0.0"

"@aws-sdk/credential-provider-env@3.20.0":
  version "3.20.0"
  resolved "https://registry.yarnpkg.com/@aws-sdk/credential-provider-env/-/credential-provider-env-3.20.0.tgz#1bb71dabf28ddccd4b839155a645064346dde447"
  integrity sha512-6jSgVUw3eZfU8ufCsCeJf5k+AJVDdKobK9Hkg0nTA07zOObo/xElri8a3XmjYj5iVuAcK/ErP5SXEEB3h/fjrQ==
  dependencies:
    "@aws-sdk/property-provider" "3.20.0"
    "@aws-sdk/types" "3.20.0"
    tslib "^2.0.0"

"@aws-sdk/credential-provider-imds@3.20.0":
  version "3.20.0"
  resolved "https://registry.yarnpkg.com/@aws-sdk/credential-provider-imds/-/credential-provider-imds-3.20.0.tgz#2aca3a112904cb12dd30409773dd1d4b0bba5b5e"
  integrity sha512-l2R3HSwSb3Pm4jwMo0YWcbbapoK2/gBgb4h68JcsNXBI2yTthU41vioTNdMoWWlyCR0ii6QX3IUnB4NJY7RlLQ==
  dependencies:
    "@aws-sdk/property-provider" "3.20.0"
    "@aws-sdk/types" "3.20.0"
    tslib "^2.0.0"

"@aws-sdk/credential-provider-ini@3.20.0":
  version "3.20.0"
  resolved "https://registry.yarnpkg.com/@aws-sdk/credential-provider-ini/-/credential-provider-ini-3.20.0.tgz#20cc34cc08dbeb5c16dbda0e8a3f310a3a4bd880"
  integrity sha512-03HAQq9iP5YW+XnRw59LCPov0v9J7yovYIinmOGDiUaqNJl1aoizoryVqt5cLwZNjF+Xdxh2+41rP/u+agSfwA==
  dependencies:
    "@aws-sdk/credential-provider-env" "3.20.0"
    "@aws-sdk/credential-provider-imds" "3.20.0"
    "@aws-sdk/credential-provider-web-identity" "3.20.0"
    "@aws-sdk/property-provider" "3.20.0"
    "@aws-sdk/shared-ini-file-loader" "3.20.0"
    "@aws-sdk/types" "3.20.0"
    tslib "^2.0.0"

"@aws-sdk/credential-provider-node@3.20.0":
  version "3.20.0"
  resolved "https://registry.yarnpkg.com/@aws-sdk/credential-provider-node/-/credential-provider-node-3.20.0.tgz#119d20ddaf83c6adae4f05f6ff6c3f52a74f02f9"
  integrity sha512-Pbcr0YYUQ8Y/o8xjHTF/TxnHEft+3FMqlN5WMTvA4yCQJowDKzcsAXp8m/FpHo55I0oC02PfVWHSAHZ86PmohQ==
  dependencies:
    "@aws-sdk/credential-provider-env" "3.20.0"
    "@aws-sdk/credential-provider-imds" "3.20.0"
    "@aws-sdk/credential-provider-ini" "3.20.0"
    "@aws-sdk/credential-provider-process" "3.20.0"
    "@aws-sdk/credential-provider-sso" "3.20.0"
    "@aws-sdk/credential-provider-web-identity" "3.20.0"
    "@aws-sdk/property-provider" "3.20.0"
    "@aws-sdk/shared-ini-file-loader" "3.20.0"
    "@aws-sdk/types" "3.20.0"
    tslib "^2.0.0"

"@aws-sdk/credential-provider-process@3.20.0":
  version "3.20.0"
  resolved "https://registry.yarnpkg.com/@aws-sdk/credential-provider-process/-/credential-provider-process-3.20.0.tgz#5859ba4397e4c19c48579f19b606cb13cb22254e"
  integrity sha512-GV6XCR5/tKgJVKyMhplsCh8vo5GhKBkmvB2HNZYBE0KQzh7Km8+raYQlzcfow++CZKddHN0PPuIfL94C0hpdtw==
  dependencies:
    "@aws-sdk/credential-provider-ini" "3.20.0"
    "@aws-sdk/property-provider" "3.20.0"
    "@aws-sdk/shared-ini-file-loader" "3.20.0"
    "@aws-sdk/types" "3.20.0"
    tslib "^2.0.0"

"@aws-sdk/credential-provider-sso@3.20.0":
  version "3.20.0"
  resolved "https://registry.yarnpkg.com/@aws-sdk/credential-provider-sso/-/credential-provider-sso-3.20.0.tgz#b5fae14e9c7ac96eedee2139d00116411150bbfb"
  integrity sha512-EJ+QiB+OXftY3fNNaFO8vaJm/Xe6x15iyl7W9qaUrPzifIBzFjkOQb4uhCM83S6OS/icWXZeMjbgsrGIqrtMHA==
  dependencies:
    "@aws-sdk/client-sso" "3.20.0"
    "@aws-sdk/credential-provider-ini" "3.20.0"
    "@aws-sdk/property-provider" "3.20.0"
    "@aws-sdk/shared-ini-file-loader" "3.20.0"
    "@aws-sdk/types" "3.20.0"
    tslib "^2.0.0"

"@aws-sdk/credential-provider-web-identity@3.20.0":
  version "3.20.0"
  resolved "https://registry.yarnpkg.com/@aws-sdk/credential-provider-web-identity/-/credential-provider-web-identity-3.20.0.tgz#8910fbeed5137cd0782f226ca1b724f3b903b93c"
  integrity sha512-JJ1RQW5byI7FWSZOhWkTsrcs1wPdC6uG5JERQmcdPXOx9jCpBo8gETwYjlKxls/MbE+NSLCq5pQQKJs7Yz6K5g==
  dependencies:
    "@aws-sdk/property-provider" "3.20.0"
    "@aws-sdk/types" "3.20.0"
    tslib "^2.0.0"

"@aws-sdk/endpoint-cache@3.20.0":
  version "3.20.0"
  resolved "https://registry.yarnpkg.com/@aws-sdk/endpoint-cache/-/endpoint-cache-3.20.0.tgz#ac211aab51db963545d827c4f06b6c80fcbf9bce"
  integrity sha512-4JOHusfsNANXoRTxSl+WkoYjNDg3kXTExNSL8VLCwT5lDe1WRioBAxaxeO3QSi10DtkhB3/maaPlVk+I3m51Pw==
  dependencies:
    mnemonist "0.38.3"
    tslib "^2.0.0"

"@aws-sdk/fetch-http-handler@3.20.0":
  version "3.20.0"
  resolved "https://registry.yarnpkg.com/@aws-sdk/fetch-http-handler/-/fetch-http-handler-3.20.0.tgz#af3d82c90f0135c21e471c823336027f20041bf1"
  integrity sha512-VWCalEondhOsd5inE9W+p8jNVQAwgxR/k8yZys8ZuAQERhCKJcimgu7j9t5ruoGprmqnGcFmyFqZynxBZj6Urw==
  dependencies:
    "@aws-sdk/protocol-http" "3.20.0"
    "@aws-sdk/querystring-builder" "3.20.0"
    "@aws-sdk/types" "3.20.0"
    "@aws-sdk/util-base64-browser" "3.20.0"
    tslib "^2.0.0"

"@aws-sdk/hash-node@3.20.0":
  version "3.20.0"
  resolved "https://registry.yarnpkg.com/@aws-sdk/hash-node/-/hash-node-3.20.0.tgz#6fef5300412a440cab40276e36faadc1f3610478"
  integrity sha512-PMRbrgkvXzWhmY2w/+rXG76tgCEB4+m7CM+OrXtbOdwwG6hyxPgdbvGwOLzbZXo4uxCcjQGpOUZTV54rW2rqgQ==
  dependencies:
    "@aws-sdk/types" "3.20.0"
    "@aws-sdk/util-buffer-from" "3.20.0"
    tslib "^2.0.0"

"@aws-sdk/invalid-dependency@3.20.0":
  version "3.20.0"
  resolved "https://registry.yarnpkg.com/@aws-sdk/invalid-dependency/-/invalid-dependency-3.20.0.tgz#b336e7163b2e02f98a5e4038af82c2aea61ca963"
  integrity sha512-++0e6Z4m0qZXMbhiezJroJhh1x4rWgTm2AI6k0+Jkl6gTN8TzLHFXLoaK1UGKzhouSleL982b1DeJoNLVgE5zA==
  dependencies:
    "@aws-sdk/types" "3.20.0"
    tslib "^2.0.0"

"@aws-sdk/is-array-buffer@3.20.0":
  version "3.20.0"
  resolved "https://registry.yarnpkg.com/@aws-sdk/is-array-buffer/-/is-array-buffer-3.20.0.tgz#6ccdb96027fc1ab4a6f46145f3b7e8dbcca0a1b2"
  integrity sha512-l7A254/SA+DE1kNWcNHDKGUbpmmR3fjr65LPJeiB88Rnh+3M7F103JCNoA5x1Heb7QfUd4GMAUaYkaUlaWmnJw==
  dependencies:
    tslib "^2.0.0"

"@aws-sdk/middleware-content-length@3.20.0":
  version "3.20.0"
  resolved "https://registry.yarnpkg.com/@aws-sdk/middleware-content-length/-/middleware-content-length-3.20.0.tgz#b54ffb54d6c5a18be90d32d20dbd4f2fe9b530b2"
  integrity sha512-UXp+RQOHfv18EpPcELBtB4WktOqQnICW5JsGWkYfVv/WAxeZD1C2SC7wiNfeSLRsHfcfefAW5zznvFtdzke4AA==
  dependencies:
    "@aws-sdk/protocol-http" "3.20.0"
    "@aws-sdk/types" "3.20.0"
    tslib "^2.0.0"

"@aws-sdk/middleware-endpoint-discovery@3.20.0":
  version "3.20.0"
  resolved "https://registry.yarnpkg.com/@aws-sdk/middleware-endpoint-discovery/-/middleware-endpoint-discovery-3.20.0.tgz#4a4af266ee4c249738a7fa95557a4f6fba34e712"
  integrity sha512-Wn791oAGCqCQZf7O9GFHoV3+xZlsnpVTudICv5JeiF5+CqtjNTWpHbGbIqcIyZvDjb8YMjjIjoKkHAOpTE5VzQ==
  dependencies:
    "@aws-sdk/config-resolver" "3.20.0"
    "@aws-sdk/endpoint-cache" "3.20.0"
    "@aws-sdk/protocol-http" "3.20.0"
    "@aws-sdk/types" "3.20.0"
    tslib "^2.0.0"

"@aws-sdk/middleware-host-header@3.20.0":
  version "3.20.0"
  resolved "https://registry.yarnpkg.com/@aws-sdk/middleware-host-header/-/middleware-host-header-3.20.0.tgz#fe50d3dde559c0c1c01e7fdd747980eda41b0839"
  integrity sha512-7FNZlfahz7J1aoJxdsPS49dYtBYJLap8WofQw8fJodOEGsVDvphCEApInfCVIqiGcpqMcQaR9mGPsKIbV1qZQw==
  dependencies:
    "@aws-sdk/protocol-http" "3.20.0"
    "@aws-sdk/types" "3.20.0"
    tslib "^2.0.0"

"@aws-sdk/middleware-logger@3.20.0":
  version "3.20.0"
  resolved "https://registry.yarnpkg.com/@aws-sdk/middleware-logger/-/middleware-logger-3.20.0.tgz#88fd7ae5877db7042e9a393ae037116e5fd96ad0"
  integrity sha512-0zYQJsBHRwop8N3uKtoa8rm58Y1Wkz2TADnWXSkMQg+vX4SgWE/1fYMb23I7p0tjTp8jZ0nRbxaO59DGu73kxQ==
  dependencies:
    "@aws-sdk/types" "3.20.0"
    tslib "^2.0.0"

"@aws-sdk/middleware-retry@3.20.0":
  version "3.20.0"
  resolved "https://registry.yarnpkg.com/@aws-sdk/middleware-retry/-/middleware-retry-3.20.0.tgz#8aafa77f2765d876bbdb4a93b25b4a5e81a58cc6"
  integrity sha512-Cyu9GDJ/TcxQDw/O5iZckHRzRs9ystvf5nEWB40QT5++485Lpkh/mz2WPdsboTmcPSGlPM8llaboyI8/DvAUJg==
  dependencies:
    "@aws-sdk/protocol-http" "3.20.0"
    "@aws-sdk/service-error-classification" "3.20.0"
    "@aws-sdk/types" "3.20.0"
    tslib "^2.0.0"
    uuid "^8.3.2"

"@aws-sdk/middleware-sdk-sts@3.20.0":
  version "3.20.0"
  resolved "https://registry.yarnpkg.com/@aws-sdk/middleware-sdk-sts/-/middleware-sdk-sts-3.20.0.tgz#8e356d5b2dab9b72a2a444412d59b72d78e4305a"
  integrity sha512-dHsWL3aryeCl2BX3UVHFQPCsIQdx3Y2bWlY+6dUZdd65YWxvrrpoR5m5LrubUvt7SD+KQ++K/6h8A3gFGKs4UA==
  dependencies:
    "@aws-sdk/middleware-signing" "3.20.0"
    "@aws-sdk/property-provider" "3.20.0"
    "@aws-sdk/protocol-http" "3.20.0"
    "@aws-sdk/signature-v4" "3.20.0"
    "@aws-sdk/types" "3.20.0"
    tslib "^2.0.0"

"@aws-sdk/middleware-serde@3.20.0":
  version "3.20.0"
  resolved "https://registry.yarnpkg.com/@aws-sdk/middleware-serde/-/middleware-serde-3.20.0.tgz#9282b90cd6f41b03287268b619e883290a610225"
  integrity sha512-Hz5fmo0APcfkyqQGiGof7fNOcvi4CS7m9Gb+iJMiIzpVPSsve3tVe45rqYHo7NOj4Jed5E6/lujUprNHRxFEMQ==
  dependencies:
    "@aws-sdk/types" "3.20.0"
    tslib "^2.0.0"

"@aws-sdk/middleware-signing@3.20.0":
  version "3.20.0"
  resolved "https://registry.yarnpkg.com/@aws-sdk/middleware-signing/-/middleware-signing-3.20.0.tgz#6282396f6e76ac7414d54425c96991a7107ef8de"
  integrity sha512-ittOpXvHFRLUteWPEeemJeqyvi+lYlkXXF60dqnpza8sJOtsRP03VSeN9aLGNGcIKeg97WkejVCiobRoJnE4ig==
  dependencies:
    "@aws-sdk/property-provider" "3.20.0"
    "@aws-sdk/protocol-http" "3.20.0"
    "@aws-sdk/signature-v4" "3.20.0"
    "@aws-sdk/types" "3.20.0"
    tslib "^2.0.0"

"@aws-sdk/middleware-stack@3.20.0":
  version "3.20.0"
  resolved "https://registry.yarnpkg.com/@aws-sdk/middleware-stack/-/middleware-stack-3.20.0.tgz#572ea7c95584416052c75edb796e558a3bdf9f8d"
  integrity sha512-1lYl93BuYWQ7rWyTtIlaPTCvAnabMQ2kbJFH5j76ag7esRLownObmcqWNMEJ4bbw5TXXY4nG7BdRoTlmo47Mow==
  dependencies:
    tslib "^2.0.0"

"@aws-sdk/middleware-user-agent@3.20.0":
  version "3.20.0"
  resolved "https://registry.yarnpkg.com/@aws-sdk/middleware-user-agent/-/middleware-user-agent-3.20.0.tgz#219ef3a2448504832cf21c0841a6a482e33e1558"
  integrity sha512-EBiTXpUAjimSdzkEwHgcH96fWg8hDbtmus9ABf6Cor6EHUlHVeRAFULGIYo5ZFTy7DXbeHxjzPE7CcWEaUBvQQ==
  dependencies:
    "@aws-sdk/protocol-http" "3.20.0"
    "@aws-sdk/types" "3.20.0"
    tslib "^2.0.0"

"@aws-sdk/node-config-provider@3.20.0":
  version "3.20.0"
  resolved "https://registry.yarnpkg.com/@aws-sdk/node-config-provider/-/node-config-provider-3.20.0.tgz#e8aec16e2a262fd027f472989ad5badfe6404c02"
  integrity sha512-bHevyN3hHbtrAg3EQ85MFHKfCwSr481vgd3nQL1zhzGOAp2DWM0C3w7otV8H+ejcplwDwtL+9JVhhEFTFROniw==
  dependencies:
    "@aws-sdk/property-provider" "3.20.0"
    "@aws-sdk/shared-ini-file-loader" "3.20.0"
    "@aws-sdk/types" "3.20.0"
    tslib "^2.0.0"

"@aws-sdk/node-http-handler@3.20.0":
  version "3.20.0"
  resolved "https://registry.yarnpkg.com/@aws-sdk/node-http-handler/-/node-http-handler-3.20.0.tgz#6fe1d70f424b434df2b5af10a1cbe6c34c001df0"
  integrity sha512-uK6qVeWFoNZfZTutj6RAAJjrlDMSp3dGzuF2xIbxSLjITNPtaXszssxVgaBYDZdDIaqe8I5DuyjGPoEW/xxJ1A==
  dependencies:
    "@aws-sdk/abort-controller" "3.20.0"
    "@aws-sdk/protocol-http" "3.20.0"
    "@aws-sdk/querystring-builder" "3.20.0"
    "@aws-sdk/types" "3.20.0"
    tslib "^2.0.0"

"@aws-sdk/property-provider@3.20.0":
  version "3.20.0"
  resolved "https://registry.yarnpkg.com/@aws-sdk/property-provider/-/property-provider-3.20.0.tgz#92cc4edabc4c414727ccc620ef37fc00ab19bff8"
  integrity sha512-mShEXLj9ZsAOu1VL+XlqssBr7TNVRKvkaAovzifxaHaLP91jFltWlSmAPFc2Yuc8MsVToHfpfTYc2dSFTBqGtw==
  dependencies:
    "@aws-sdk/types" "3.20.0"
    tslib "^2.0.0"

"@aws-sdk/protocol-http@3.20.0":
  version "3.20.0"
  resolved "https://registry.yarnpkg.com/@aws-sdk/protocol-http/-/protocol-http-3.20.0.tgz#1e7877d220ccfad0766e294ae5bab43b371ee503"
  integrity sha512-ZW9uyVk1Zbbaqo8LYc+MJ1EynZVQsa08o2I6Pho1fvheMcF/prcz+1HLQcJnfyNG76lM3Z/qQaEL7gGy2Ve6Cg==
  dependencies:
    "@aws-sdk/types" "3.20.0"
    tslib "^2.0.0"

"@aws-sdk/querystring-builder@3.20.0":
  version "3.20.0"
  resolved "https://registry.yarnpkg.com/@aws-sdk/querystring-builder/-/querystring-builder-3.20.0.tgz#ec02c4a831c0fbeb2de6e228fe329f5d2a4502e9"
  integrity sha512-iImp9CEQHtJkVhchuH9dZWkhiCWcPSsEbeeNctydigB9RMAaThtkGJ/423mQFkzXuOplbYkpwlfW9hu4gutSOQ==
  dependencies:
    "@aws-sdk/types" "3.20.0"
    "@aws-sdk/util-uri-escape" "3.20.0"
    tslib "^2.0.0"

"@aws-sdk/querystring-parser@3.20.0":
  version "3.20.0"
  resolved "https://registry.yarnpkg.com/@aws-sdk/querystring-parser/-/querystring-parser-3.20.0.tgz#f53efe53618f55224945cdb5c6623c8b27b1866a"
  integrity sha512-Ven5A56SDDRJHCt84jzjrnW85LRzE9nClzbY14MjuITBo+azkbjZhyTutxK8/q8GQZMa2lhjnXLtfcT5rj1YjQ==
  dependencies:
    "@aws-sdk/types" "3.20.0"
    tslib "^2.0.0"

"@aws-sdk/service-error-classification@3.20.0":
  version "3.20.0"
  resolved "https://registry.yarnpkg.com/@aws-sdk/service-error-classification/-/service-error-classification-3.20.0.tgz#3b70173b414de1e8c19d66fdf0c7ead75fcd6d7f"
  integrity sha512-mJb465doN5yq+XxP4bPnAubriewEPoICNQZouDVKZ44Q48USn6e7zX0OrYqBT56Inw8JrSD9u5VHqGsFiubnSA==

"@aws-sdk/shared-ini-file-loader@3.20.0":
  version "3.20.0"
  resolved "https://registry.yarnpkg.com/@aws-sdk/shared-ini-file-loader/-/shared-ini-file-loader-3.20.0.tgz#fa9692aad4e7c140babb1fc39ab4ec17474993b9"
  integrity sha512-yUjSo5epgytDEaGSN+Sp/vY0HEdt9FU03KC3ON/q99+XEWVU2Y4045khXXWPHJ1wlvq3EOcRKG3u/0MDUJPnTg==
  dependencies:
    tslib "^2.0.0"

"@aws-sdk/signature-v4@3.20.0":
  version "3.20.0"
  resolved "https://registry.yarnpkg.com/@aws-sdk/signature-v4/-/signature-v4-3.20.0.tgz#c55379216471cf1350c03e6d8130c0ac90170cbe"
  integrity sha512-LvbRMPlTt7X55EEE/cYcXm/VoCtr0frEC3KoAiq1zSNHXkiw741NK0d44W0RyJciBcXYfnYYBocNH+wIkjFZEQ==
  dependencies:
    "@aws-sdk/is-array-buffer" "3.20.0"
    "@aws-sdk/types" "3.20.0"
    "@aws-sdk/util-hex-encoding" "3.20.0"
    "@aws-sdk/util-uri-escape" "3.20.0"
    tslib "^2.0.0"

"@aws-sdk/smithy-client@3.20.0":
  version "3.20.0"
  resolved "https://registry.yarnpkg.com/@aws-sdk/smithy-client/-/smithy-client-3.20.0.tgz#ca024d5b316701af51ababbcdc898dc64227566d"
  integrity sha512-co8VEuod5QoFbdXGouO+Kem6knj0NW302zUmYILk3r2UX5RJ/eVcaFJGS8oV89a8qZ7debazNS6IXZUxhlWUSg==
  dependencies:
    "@aws-sdk/middleware-stack" "3.20.0"
    "@aws-sdk/types" "3.20.0"
    tslib "^2.0.0"

"@aws-sdk/types@3.20.0", "@aws-sdk/types@^3.1.0":
  version "3.20.0"
  resolved "https://registry.yarnpkg.com/@aws-sdk/types/-/types-3.20.0.tgz#f14a13970ffc9096ec28fb60c5b40b5ddaaecea9"
  integrity sha512-ztrHBTJM0wU4rrt51Kff8DjGT5ReoEdY1IUu6T0lN7aH9113235WnBE44y+z/Y+nMC+t5+r74CkldkLf/vngNg==

"@aws-sdk/url-parser@3.20.0":
  version "3.20.0"
  resolved "https://registry.yarnpkg.com/@aws-sdk/url-parser/-/url-parser-3.20.0.tgz#b1447cd919a2d84e772e651234096da152169a3c"
  integrity sha512-9IvUtQ0p044KaVp7bdiXNB2vjhc6nZ02ph75e1wF1ISQiisDpQdTfAEy+TLFaw+95dBjyEG3PF6ybmFx6hNFxA==
  dependencies:
    "@aws-sdk/querystring-parser" "3.20.0"
    "@aws-sdk/types" "3.20.0"
    tslib "^2.0.0"

"@aws-sdk/util-base64-browser@3.20.0":
  version "3.20.0"
  resolved "https://registry.yarnpkg.com/@aws-sdk/util-base64-browser/-/util-base64-browser-3.20.0.tgz#0ed9b767e53da736eb01845ef2121f3a6f7c6175"
  integrity sha512-55ubHL6AyskjVg/gi21XubmGP11eHY1QG912L3ZZuf83IQOT5ApLXEJ8KZIReMCH62sFMrUl3Q/G3zB3daTyiQ==
  dependencies:
    tslib "^2.0.0"

"@aws-sdk/util-base64-node@3.20.0":
  version "3.20.0"
  resolved "https://registry.yarnpkg.com/@aws-sdk/util-base64-node/-/util-base64-node-3.20.0.tgz#b728432b6c45daa11de17db68a7a18422e337c90"
  integrity sha512-okeDxYT+hUoWAWB0QIMDry8NoTXNrK7bFtFoyRL+GUI98NCe5R8Md1SSm4aQZCoc4eaW4TKrM0gKB98VHXGZYA==
  dependencies:
    "@aws-sdk/util-buffer-from" "3.20.0"
    tslib "^2.0.0"

"@aws-sdk/util-body-length-browser@3.20.0":
  version "3.20.0"
  resolved "https://registry.yarnpkg.com/@aws-sdk/util-body-length-browser/-/util-body-length-browser-3.20.0.tgz#9035ac78ce67286af5b06aaa0d06c156d6a3ce9e"
  integrity sha512-/VnDExoqYwuEwlLMO1UHkmJpN+ujNgU7T+q4kVoTlcK90PZBjzRS0X+2c/xC005ArSwDDFxSyc8QNq4DWjZCsQ==
  dependencies:
    tslib "^2.0.0"

"@aws-sdk/util-body-length-node@3.20.0":
  version "3.20.0"
  resolved "https://registry.yarnpkg.com/@aws-sdk/util-body-length-node/-/util-body-length-node-3.20.0.tgz#0f72539f9cf58eba1e0444fca2e9cdb61bb506da"
  integrity sha512-qn1ZGzaCULDwZTOsAXySp0b6lRBSinIujnRJM0155H8O1N8CDfvSeNPO9EUI/1M7u9zCS8zZ7jVO+MSVjn65ww==
  dependencies:
    tslib "^2.0.0"

"@aws-sdk/util-buffer-from@3.20.0":
  version "3.20.0"
  resolved "https://registry.yarnpkg.com/@aws-sdk/util-buffer-from/-/util-buffer-from-3.20.0.tgz#65287a96cc9bf765763b77ff0d6629e4658dbd8d"
  integrity sha512-nNed2o88c/Dagkszz0A75ARGOrmnpI+Ep4MopcAQ7tcLn5IXAHIAx7Hbs5pLxBVceh8d9nMu6xY516txRBgG+A==
  dependencies:
    "@aws-sdk/is-array-buffer" "3.20.0"
    tslib "^2.0.0"

"@aws-sdk/util-hex-encoding@3.20.0":
  version "3.20.0"
  resolved "https://registry.yarnpkg.com/@aws-sdk/util-hex-encoding/-/util-hex-encoding-3.20.0.tgz#ca3b77a58117365ce9bd317ce0fd62fde53fedab"
  integrity sha512-hUXgUVNpN61+F26qdBCQCclTGRWER/H1O8axuPKoyC7PPJPzxrHZbst7o/hEAIUYq76iJLGCSCC+dXlxvRN4HQ==
  dependencies:
    tslib "^2.0.0"

"@aws-sdk/util-locate-window@^3.0.0":
  version "3.20.0"
  resolved "https://registry.yarnpkg.com/@aws-sdk/util-locate-window/-/util-locate-window-3.20.0.tgz#33819893a6642a20df51db21d3c935cd6f319e83"
  integrity sha512-AqSMOm+hwxdywQ/jmprZXJY8uftHTi4p9JuftxTnP7Nl28+G8+RrVmoGcOtYf9VfWRDo/AM7zhvDwu4jB9yclg==
  dependencies:
    tslib "^2.0.0"

"@aws-sdk/util-uri-escape@3.20.0":
  version "3.20.0"
  resolved "https://registry.yarnpkg.com/@aws-sdk/util-uri-escape/-/util-uri-escape-3.20.0.tgz#1f0844dfd0ce9ed2e6348318b2f5d88da7d171f2"
  integrity sha512-BmlmK0zCAehj7V6Kql9vsXY0GTJZgXzSsyAVeXMvXq6D2JHU1UuJq0PAtxtGD4E8+CoSeowAaGyfUrqiCjJFBw==
  dependencies:
    tslib "^2.0.0"

"@aws-sdk/util-user-agent-browser@3.20.0":
  version "3.20.0"
  resolved "https://registry.yarnpkg.com/@aws-sdk/util-user-agent-browser/-/util-user-agent-browser-3.20.0.tgz#1ef7c40eccbd48b8ccf43cf4df9a43498ffaf069"
  integrity sha512-DSXJsihYDk2QiBUjgeAf/oTOnALAPWiKbeLIF4aPMcTKBsY5MCbZjEtoODLGxY5V2TpWFlfcKNjhYSesZIDIqA==
  dependencies:
    "@aws-sdk/types" "3.20.0"
    bowser "^2.11.0"
    tslib "^2.0.0"

"@aws-sdk/util-user-agent-node@3.20.0":
  version "3.20.0"
  resolved "https://registry.yarnpkg.com/@aws-sdk/util-user-agent-node/-/util-user-agent-node-3.20.0.tgz#66f9fc913960390270bd4a6cd090c7de172bc8bc"
  integrity sha512-WfC8p+ofygAhFArtXu/u6BZQDwrC/E5MffyoHdxbm4KpRznAOmEM/vzwrUFS8e93/OPYP8bFRMJCLRlER35a7g==
  dependencies:
    "@aws-sdk/node-config-provider" "3.20.0"
    "@aws-sdk/types" "3.20.0"
    tslib "^2.0.0"

"@aws-sdk/util-utf8-browser@3.20.0", "@aws-sdk/util-utf8-browser@^3.0.0":
  version "3.20.0"
  resolved "https://registry.yarnpkg.com/@aws-sdk/util-utf8-browser/-/util-utf8-browser-3.20.0.tgz#e82da4ef361e091834e61508d9a5829e9dcd5d87"
  integrity sha512-9ZSirHLA8RtNkrZj9jLcxujQCsflNY3PWyuRArce5OpPv6+vVzL2QvdG191xfTSi5EMIHvwlRl56bNo64D7dLg==
  dependencies:
    tslib "^2.0.0"

"@aws-sdk/util-utf8-node@3.20.0":
  version "3.20.0"
  resolved "https://registry.yarnpkg.com/@aws-sdk/util-utf8-node/-/util-utf8-node-3.20.0.tgz#0fba231f047851707fadcd63ffee218e98c2bf9e"
  integrity sha512-rEgl9slmtKYQkGgUmyMeqKzbaRq0YUtVqp+KddV9k12xvDJ05aJWw65YS83m4oX8bAeODKRUe7a1JuY2CIOzNQ==
  dependencies:
    "@aws-sdk/util-buffer-from" "3.20.0"
    tslib "^2.0.0"

"@aws-sdk/util-waiter@3.20.0":
  version "3.20.0"
  resolved "https://registry.yarnpkg.com/@aws-sdk/util-waiter/-/util-waiter-3.20.0.tgz#68a72d92362240b9214f3cd0e688d8edba85fcff"
  integrity sha512-LwRVZ7mlFkrMaPdmYl4XxJqv2d0M/Knygwmd8glYn03UU26Zjli5ZI1t0Jr6du71FChxAG/X4ko4TWh2zDD1hw==
  dependencies:
    "@aws-sdk/abort-controller" "3.20.0"
    "@aws-sdk/types" "3.20.0"
    tslib "^2.0.0"

"@cljs-oss/module-deps@^1.1.1":
  version "1.1.1"
  resolved "https://registry.yarnpkg.com/@cljs-oss/module-deps/-/module-deps-1.1.1.tgz#62667f282164f3f10f6ab9f124ba416fd12439fa"
  integrity sha1-YmZ/KCFk8/EParnxJLpBb9EkOfo=
  dependencies:
    JSONStream "^1.0.3"
    babel-traverse "^6.23.1"
    babylon "^6.15.0"
    browser-resolve "^1.7.0"
    cached-path-relative "^1.0.0"
    concat-stream "~1.5.0"
    defined "^1.0.0"
    detective "^4.0.0"
    duplexer2 "^0.1.2"
    enhanced-resolve "3.4.1"
    inherits "^2.0.1"
    konan "1.1.0"
    parents "^1.0.0"
    readable-stream "^2.0.2"
    resolve "^1.1.3"
    stream-combiner2 "^1.1.1"
    subarg "^1.0.0"
    through2 "^2.0.0"
    xtend "^4.0.0"

JSONStream@^1.0.3:
  version "1.3.5"
  resolved "https://registry.yarnpkg.com/JSONStream/-/JSONStream-1.3.5.tgz#3208c1f08d3a4d99261ab64f92302bc15e111ca0"
  integrity sha512-E+iruNOY8VV9s4JEbe1aNEm6MiszPRr/UfcHMz0TQh1BXSxHK+ASV1R6W4HpjBhSeS+54PIsAMCBmwD06LLsqQ==
  dependencies:
    jsonparse "^1.2.0"
    through ">=2.2.7 <3"

acorn@^5.2.1:
  version "5.7.4"
  resolved "https://registry.yarnpkg.com/acorn/-/acorn-5.7.4.tgz#3e8d8a9947d0599a1796d10225d7432f4a4acf5e"
  integrity sha512-1D++VG7BhrtvQpNbBzovKNc1FLGGEE/oGe7b9xJm/RFHMBeUaUGpluV9RLjZa47YFdPcDAenEYuq9pQPcMdLJg==

ansi-regex@^2.0.0:
  version "2.1.1"
  resolved "https://registry.yarnpkg.com/ansi-regex/-/ansi-regex-2.1.1.tgz#c3b33ab5ee360d86e0e628f0468ae7ef27d654df"
  integrity sha1-w7M6te42DYbg5ijwRorn7yfWVN8=

ansi-styles@^2.2.1:
  version "2.2.1"
  resolved "https://registry.yarnpkg.com/ansi-styles/-/ansi-styles-2.2.1.tgz#b432dd3358b634cf75e1e4664368240533c1ddbe"
  integrity sha1-tDLdM1i2NM914eRmQ2gkBTPB3b4=

babel-code-frame@^6.26.0:
  version "6.26.0"
  resolved "https://registry.yarnpkg.com/babel-code-frame/-/babel-code-frame-6.26.0.tgz#63fd43f7dc1e3bb7ce35947db8fe369a3f58c74b"
  integrity sha1-Y/1D99weO7fONZR9uP42mj9Yx0s=
  dependencies:
    chalk "^1.1.3"
    esutils "^2.0.2"
    js-tokens "^3.0.2"

babel-messages@^6.23.0:
  version "6.23.0"
  resolved "https://registry.yarnpkg.com/babel-messages/-/babel-messages-6.23.0.tgz#f3cdf4703858035b2a2951c6ec5edf6c62f2630e"
  integrity sha1-8830cDhYA1sqKVHG7F7fbGLyYw4=
  dependencies:
    babel-runtime "^6.22.0"

babel-runtime@^6.22.0, babel-runtime@^6.26.0:
  version "6.26.0"
  resolved "https://registry.yarnpkg.com/babel-runtime/-/babel-runtime-6.26.0.tgz#965c7058668e82b55d7bfe04ff2337bc8b5647fe"
  integrity sha1-llxwWGaOgrVde/4E/yM3vItWR/4=
  dependencies:
    core-js "^2.4.0"
    regenerator-runtime "^0.11.0"

babel-traverse@^6.23.1:
  version "6.26.0"
  resolved "https://registry.yarnpkg.com/babel-traverse/-/babel-traverse-6.26.0.tgz#46a9cbd7edcc62c8e5c064e2d2d8d0f4035766ee"
  integrity sha1-RqnL1+3MYsjlwGTi0tjQ9ANXZu4=
  dependencies:
    babel-code-frame "^6.26.0"
    babel-messages "^6.23.0"
    babel-runtime "^6.26.0"
    babel-types "^6.26.0"
    babylon "^6.18.0"
    debug "^2.6.8"
    globals "^9.18.0"
    invariant "^2.2.2"
    lodash "^4.17.4"

babel-types@^6.26.0:
  version "6.26.0"
  resolved "https://registry.yarnpkg.com/babel-types/-/babel-types-6.26.0.tgz#a3b073f94ab49eb6fa55cd65227a334380632497"
  integrity sha1-o7Bz+Uq0nrb6Vc1lInozQ4BjJJc=
  dependencies:
    babel-runtime "^6.26.0"
    esutils "^2.0.2"
    lodash "^4.17.4"
    to-fast-properties "^1.0.3"

babylon@^6.15.0, babylon@^6.18.0:
  version "6.18.0"
  resolved "https://registry.yarnpkg.com/babylon/-/babylon-6.18.0.tgz#af2f3b88fa6f5c1e4c634d1a0f8eac4f55b395e3"
  integrity sha512-q/UEjfGJ2Cm3oKV71DJz9d25TPnq5rhBVL2Q4fA5wcC3jcrdn7+SssEybFIxwAvvP+YCsCYNKughoF33GxgycQ==

bowser@^2.11.0:
  version "2.11.0"
  resolved "https://registry.yarnpkg.com/bowser/-/bowser-2.11.0.tgz#5ca3c35757a7aa5771500c70a73a9f91ef420a8f"
  integrity sha512-AlcaJBi/pqqJBIQ8U9Mcpc9i8Aqxn88Skv5d+xBX006BY5u8N3mGLHa5Lgppa7L/HfwgwLgZ6NYs+Ag6uUmJRA==

browser-resolve@^1.7.0:
  version "1.11.3"
  resolved "https://registry.yarnpkg.com/browser-resolve/-/browser-resolve-1.11.3.tgz#9b7cbb3d0f510e4cb86bdbd796124d28b5890af6"
  integrity sha512-exDi1BYWB/6raKHmDTCicQfTkqwN5fioMFV4j8BsfMU4R2DK/QfZfK7kOVkmWCNANf0snkBzqGqAJBao9gZMdQ==
  dependencies:
    resolve "1.1.7"

cached-path-relative@^1.0.0:
  version "1.0.2"
  resolved "https://registry.yarnpkg.com/cached-path-relative/-/cached-path-relative-1.0.2.tgz#a13df4196d26776220cc3356eb147a52dba2c6db"
  integrity sha512-5r2GqsoEb4qMTTN9J+WzXfjov+hjxT+j3u5K+kIVNIwAd99DLCJE9pBIMP1qVeybV6JiijL385Oz0DcYxfbOIg==

chalk@^1.1.3:
  version "1.1.3"
  resolved "https://registry.yarnpkg.com/chalk/-/chalk-1.1.3.tgz#a8115c55e4a702fe4d150abd3872822a7e09fc98"
  integrity sha1-qBFcVeSnAv5NFQq9OHKCKn4J/Jg=
  dependencies:
    ansi-styles "^2.2.1"
    escape-string-regexp "^1.0.2"
    has-ansi "^2.0.0"
    strip-ansi "^3.0.0"
    supports-color "^2.0.0"

concat-stream@~1.5.0:
  version "1.5.2"
  resolved "https://registry.yarnpkg.com/concat-stream/-/concat-stream-1.5.2.tgz#708978624d856af41a5a741defdd261da752c266"
  integrity sha1-cIl4Yk2FavQaWnQd790mHadSwmY=
  dependencies:
    inherits "~2.0.1"
    readable-stream "~2.0.0"
    typedarray "~0.0.5"

core-js@^2.4.0:
  version "2.6.12"
  resolved "https://registry.yarnpkg.com/core-js/-/core-js-2.6.12.tgz#d9333dfa7b065e347cc5682219d6f690859cc2ec"
  integrity sha512-Kb2wC0fvsWfQrgk8HU5lW6U/Lcs8+9aaYcy4ZFc6DDlo4nZ7n70dEgE5rtR0oG6ufKDUnrwfWL1mXR5ljDatrQ==

core-util-is@~1.0.0:
  version "1.0.2"
  resolved "https://registry.yarnpkg.com/core-util-is/-/core-util-is-1.0.2.tgz#b5fd54220aa2bc5ab57aab7140c940754503c1a7"
  integrity sha1-tf1UIgqivFq1eqtxQMlAdUUDwac=

dayjs@^1.8.17:
  version "1.10.5"
  resolved "https://registry.yarnpkg.com/dayjs/-/dayjs-1.10.5.tgz#5600df4548fc2453b3f163ebb2abbe965ccfb986"
  integrity sha512-BUFis41ikLz+65iH6LHQCDm4YPMj5r1YFLdupPIyM4SGcXMmtiLQ7U37i+hGS8urIuqe7I/ou3IS1jVc4nbN4g==

debug@^2.6.8:
  version "2.6.9"
  resolved "https://registry.yarnpkg.com/debug/-/debug-2.6.9.tgz#5d128515df134ff327e90a4c93f4e077a536341f"
  integrity sha512-bC7ElrdJaJnPbAP+1EotYvqZsb3ecl5wi6Bfi6BJTUcNowp6cvspg0jXznRTKDjm/E7AdgFBVeAPVMNcKGsHMA==
  dependencies:
    ms "2.0.0"

defined@^1.0.0:
  version "1.0.0"
  resolved "https://registry.yarnpkg.com/defined/-/defined-1.0.0.tgz#c98d9bcef75674188e110969151199e39b1fa693"
  integrity sha1-yY2bzvdWdBiOEQlpFRGZ45sfppM=

detective@^4.0.0:
  version "4.7.1"
  resolved "https://registry.yarnpkg.com/detective/-/detective-4.7.1.tgz#0eca7314338442febb6d65da54c10bb1c82b246e"
  integrity sha512-H6PmeeUcZloWtdt4DAkFyzFL94arpHr3NOwwmVILFiy+9Qd4JTxxXrzfyGk/lmct2qVGBwTSwSXagqu2BxmWig==
  dependencies:
    acorn "^5.2.1"
    defined "^1.0.0"

duplexer2@^0.1.2, duplexer2@~0.1.0:
  version "0.1.4"
  resolved "https://registry.yarnpkg.com/duplexer2/-/duplexer2-0.1.4.tgz#8b12dab878c0d69e3e7891051662a32fc6bddcc1"
  integrity sha1-ixLauHjA1p4+eJEFFmKjL8a93ME=
  dependencies:
    readable-stream "^2.0.2"

enhanced-resolve@3.4.1:
  version "3.4.1"
  resolved "https://registry.yarnpkg.com/enhanced-resolve/-/enhanced-resolve-3.4.1.tgz#0421e339fd71419b3da13d129b3979040230476e"
  integrity sha1-BCHjOf1xQZs9oT0Smzl5BAIwR24=
  dependencies:
    graceful-fs "^4.1.2"
    memory-fs "^0.4.0"
    object-assign "^4.0.1"
    tapable "^0.2.7"

entities@2.2.0:
  version "2.2.0"
  resolved "https://registry.yarnpkg.com/entities/-/entities-2.2.0.tgz#098dc90ebb83d8dffa089d55256b351d34c4da55"
  integrity sha512-p92if5Nz619I0w+akJrLZH0MX0Pb5DX39XOwQTtXSdQQOaYH03S1uIQp4mhOZtAXrxq4ViO67YTiLBo2638o9A==

errno@^0.1.3:
  version "0.1.8"
  resolved "https://registry.yarnpkg.com/errno/-/errno-0.1.8.tgz#8bb3e9c7d463be4976ff888f76b4809ebc2e811f"
  integrity sha512-dJ6oBr5SQ1VSd9qkk7ByRgb/1SH4JZjCHSW/mr63/QcXO9zLVxvJ6Oy13nio03rxpSnVDDjFor75SjVeZWPW/A==
  dependencies:
    prr "~1.0.1"

escape-string-regexp@^1.0.2:
  version "1.0.5"
  resolved "https://registry.yarnpkg.com/escape-string-regexp/-/escape-string-regexp-1.0.5.tgz#1b61c0562190a8dff6ae3bb2cf0200ca130b86d4"
  integrity sha1-G2HAViGQqN/2rjuyzwIAyhMLhtQ=

esutils@^2.0.2:
  version "2.0.3"
  resolved "https://registry.yarnpkg.com/esutils/-/esutils-2.0.3.tgz#74d2eb4de0b8da1293711910d50775b9b710ef64"
  integrity sha512-kVscqXk4OCp68SZ0dkgEKVi6/8ij300KBWTJq32P/dYeWTSwK41WyTxalN1eRmA5Z9UU/LX9D7FWSmV9SAYx6g==

fast-xml-parser@3.19.0:
  version "3.19.0"
  resolved "https://registry.yarnpkg.com/fast-xml-parser/-/fast-xml-parser-3.19.0.tgz#cb637ec3f3999f51406dd8ff0e6fc4d83e520d01"
  integrity sha512-4pXwmBplsCPv8FOY1WRakF970TjNGnGnfbOnLqjlYvMiF1SR3yOHyxMR/YCXpPTOspNF5gwudqktIP4VsWkvBg==

function-bind@^1.1.1:
  version "1.1.1"
  resolved "https://registry.yarnpkg.com/function-bind/-/function-bind-1.1.1.tgz#a56899d3ea3c9bab874bb9773b7c5ede92f4895d"
  integrity sha512-yIovAzMX49sF8Yl58fSCWJ5svSLuaibPxXQJFLmBObTuCr0Mf1KiPopGM9NiFjiYBCbfaa2Fh6breQ6ANVTI0A==

globals@^9.18.0:
  version "9.18.0"
  resolved "https://registry.yarnpkg.com/globals/-/globals-9.18.0.tgz#aa3896b3e69b487f17e31ed2143d69a8e30c2d8a"
  integrity sha512-S0nG3CLEQiY/ILxqtztTWH/3iRRdyBLw6KMDxnKMchrtbj2OFmehVh0WUCfW3DUrIgx/qFrJPICrq4Z4sTR9UQ==

graceful-fs@^4.1.2:
  version "4.2.6"
  resolved "https://registry.yarnpkg.com/graceful-fs/-/graceful-fs-4.2.6.tgz#ff040b2b0853b23c3d31027523706f1885d76bee"
  integrity sha512-nTnJ528pbqxYanhpDYsi4Rd8MAeaBA67+RZ10CM1m3bTAVFEDcd5AuA4a6W5YkGZ1iNXHzZz8T6TBKLeBuNriQ==

has-ansi@^2.0.0:
  version "2.0.0"
  resolved "https://registry.yarnpkg.com/has-ansi/-/has-ansi-2.0.0.tgz#34f5049ce1ecdf2b0649af3ef24e45ed35416d91"
  integrity sha1-NPUEnOHs3ysGSa8+8k5F7TVBbZE=
  dependencies:
    ansi-regex "^2.0.0"

has@^1.0.3:
  version "1.0.3"
  resolved "https://registry.yarnpkg.com/has/-/has-1.0.3.tgz#722d7cbfc1f6aa8241f16dd814e011e1f41e8796"
  integrity sha512-f2dvO0VU6Oej7RkWJGrehjbzMAjFp5/VKPp5tTpWIV4JHHZK1/BxbFRtf/siA2SWTe09caDmVtYYzWEIbBS4zw==
  dependencies:
    function-bind "^1.1.1"

inherits@^2.0.1, inherits@~2.0.1, inherits@~2.0.3:
  version "2.0.4"
  resolved "https://registry.yarnpkg.com/inherits/-/inherits-2.0.4.tgz#0fa2c64f932917c3433a0ded55363aae37416b7c"
  integrity sha512-k/vGaX4/Yla3WzyMCvTQOXYeIHvqOKtnqBduzTHpzpQZzAskKMhZ2K+EnBiSM9zGSoIFeMpXKxa4dYeZIQqewQ==

invariant@^2.2.2:
  version "2.2.4"
  resolved "https://registry.yarnpkg.com/invariant/-/invariant-2.2.4.tgz#610f3c92c9359ce1db616e538008d23ff35158e6"
  integrity sha512-phJfQVBuaJM5raOpJjSfkiD6BpbCE4Ns//LaXl6wGYtUBY83nWS6Rf9tXm2e8VaK60JEjYldbPif/A2B1C2gNA==
  dependencies:
    loose-envify "^1.0.0"

is-core-module@^2.2.0:
  version "2.4.0"
  resolved "https://registry.yarnpkg.com/is-core-module/-/is-core-module-2.4.0.tgz#8e9fc8e15027b011418026e98f0e6f4d86305cc1"
  integrity sha512-6A2fkfq1rfeQZjxrZJGerpLCTHRNEBiSgnu0+obeJpEPZRUooHgsizvzv0ZjJwOz3iWIHdJtVWJ/tmPr3D21/A==
  dependencies:
    has "^1.0.3"

isarray@~1.0.0:
  version "1.0.0"
  resolved "https://registry.yarnpkg.com/isarray/-/isarray-1.0.0.tgz#bb935d48582cba168c06834957a54a3e07124f11"
  integrity sha1-u5NdSFgsuhaMBoNJV6VKPgcSTxE=

"js-tokens@^3.0.0 || ^4.0.0":
  version "4.0.0"
  resolved "https://registry.yarnpkg.com/js-tokens/-/js-tokens-4.0.0.tgz#19203fb59991df98e3a287050d4647cdeaf32499"
  integrity sha512-RdJUflcE3cUzKiMqQgsCu06FPu9UdIJO0beYbPhHN4k6apgJtifcoCtT9bcxOpYBtpD2kCM6Sbzg4CausW/PKQ==

js-tokens@^3.0.2:
  version "3.0.2"
  resolved "https://registry.yarnpkg.com/js-tokens/-/js-tokens-3.0.2.tgz#9866df395102130e38f7f996bceb65443209c25b"
  integrity sha1-mGbfOVECEw449/mWvOtlRDIJwls=

jsonparse@^1.2.0:
  version "1.3.1"
  resolved "https://registry.yarnpkg.com/jsonparse/-/jsonparse-1.3.1.tgz#3f4dae4a91fac315f71062f8521cc239f1366280"
  integrity sha1-P02uSpH6wxX3EGL4UhzCOfE2YoA=

konan@1.1.0:
  version "1.1.0"
  resolved "https://registry.yarnpkg.com/konan/-/konan-1.1.0.tgz#337743c4b97b4bd1ef8b62a24b315eb8bc4b2094"
  integrity sha1-M3dDxLl7S9Hvi2KiSzFeuLxLIJQ=
  dependencies:
    babel-traverse "^6.23.1"
    babylon "^6.15.0"

lodash@^4.17.4:
  version "4.17.21"
  resolved "https://registry.yarnpkg.com/lodash/-/lodash-4.17.21.tgz#679591c564c3bffaae8454cf0b3df370c3d6911c"
  integrity sha512-v2kDEe57lecTulaDIuNTPy3Ry4gLGJ6Z1O3vE1krgXZNrsQ+LFTGHVxVjcXPs17LhbZVGedAJv8XZ1tvj5FvSg==

loose-envify@^1.0.0:
  version "1.4.0"
  resolved "https://registry.yarnpkg.com/loose-envify/-/loose-envify-1.4.0.tgz#71ee51fa7be4caec1a63839f7e682d8132d30caf"
  integrity sha512-lyuxPGr/Wfhrlem2CL/UcnUc1zcqKAImBDzukY7Y5F/yQiNdko6+fRLevlw1HgMySw7f611UIY408EtxRSoK3Q==
  dependencies:
    js-tokens "^3.0.0 || ^4.0.0"

memory-fs@^0.4.0:
  version "0.4.1"
  resolved "https://registry.yarnpkg.com/memory-fs/-/memory-fs-0.4.1.tgz#3a9a20b8462523e447cfbc7e8bb80ed667bfc552"
  integrity sha1-OpoguEYlI+RHz7x+i7gO1me/xVI=
  dependencies:
    errno "^0.1.3"
    readable-stream "^2.0.1"

minimist@^1.1.0:
  version "1.2.5"
  resolved "https://registry.yarnpkg.com/minimist/-/minimist-1.2.5.tgz#67d66014b66a6a8aaa0c083c5fd58df4e4e97602"
  integrity sha512-FM9nNUYrRBAELZQT3xeZQ7fmMOBg6nWNmJKTcgsJeaLstP/UODVpGsr5OhXhhXg6f+qtJ8uiZ+PUxkDWcgIXLw==

mnemonist@0.38.3:
  version "0.38.3"
  resolved "https://registry.yarnpkg.com/mnemonist/-/mnemonist-0.38.3.tgz#35ec79c1c1f4357cfda2fe264659c2775ccd7d9d"
  integrity sha512-2K9QYubXx/NAjv4VLq1d1Ly8pWNC5L3BrixtdkyTegXWJIqY+zLNDhhX/A+ZwWt70tB1S8H4BE8FLYEFyNoOBw==
  dependencies:
    obliterator "^1.6.1"

ms@2.0.0:
  version "2.0.0"
  resolved "https://registry.yarnpkg.com/ms/-/ms-2.0.0.tgz#5608aeadfc00be6c2901df5f9861788de0d597c8"
  integrity sha1-VgiurfwAvmwpAd9fmGF4jeDVl8g=

object-assign@^4.0.1:
  version "4.1.1"
  resolved "https://registry.yarnpkg.com/object-assign/-/object-assign-4.1.1.tgz#2109adc7965887cfc05cbbd442cac8bfbb360863"
  integrity sha1-IQmtx5ZYh8/AXLvUQsrIv7s2CGM=

obliterator@^1.6.1:
  version "1.6.1"
  resolved "https://registry.yarnpkg.com/obliterator/-/obliterator-1.6.1.tgz#dea03e8ab821f6c4d96a299e17aef6a3af994ef3"
  integrity sha512-9WXswnqINnnhOG/5SLimUlzuU1hFJUc8zkwyD59Sd+dPOMf05PmnYG/d6Q7HZ+KmgkZJa1PxRso6QdM3sTNHig==

parents@^1.0.0:
  version "1.0.1"
  resolved "https://registry.yarnpkg.com/parents/-/parents-1.0.1.tgz#fedd4d2bf193a77745fe71e371d73c3307d9c751"
  integrity sha1-/t1NK/GTp3dF/nHjcdc8MwfZx1E=
  dependencies:
    path-platform "~0.11.15"

path-parse@^1.0.6:
  version "1.0.7"
  resolved "https://registry.yarnpkg.com/path-parse/-/path-parse-1.0.7.tgz#fbc114b60ca42b30d9daf5858e4bd68bbedb6735"
  integrity sha512-LDJzPVEEEPR+y48z93A0Ed0yXb8pAByGWo/k5YYdYgpY2/2EsOsksJrq7lOHxryrVOn1ejG6oAp8ahvOIQD8sw==

path-platform@~0.11.15:
  version "0.11.15"
  resolved "https://registry.yarnpkg.com/path-platform/-/path-platform-0.11.15.tgz#e864217f74c36850f0852b78dc7bf7d4a5721bf2"
  integrity sha1-6GQhf3TDaFDwhSt43Hv31KVyG/I=

process-nextick-args@~1.0.6:
  version "1.0.7"
  resolved "https://registry.yarnpkg.com/process-nextick-args/-/process-nextick-args-1.0.7.tgz#150e20b756590ad3f91093f25a4f2ad8bff30ba3"
  integrity sha1-FQ4gt1ZZCtP5EJPyWk8q2L/zC6M=

process-nextick-args@~2.0.0:
  version "2.0.1"
  resolved "https://registry.yarnpkg.com/process-nextick-args/-/process-nextick-args-2.0.1.tgz#7820d9b16120cc55ca9ae7792680ae7dba6d7fe2"
  integrity sha512-3ouUOpQhtgrbOa17J7+uxOTpITYWaGP7/AhoR3+A+/1e9skrzelGi/dXzEYyvbxubEF6Wn2ypscTKiKJFFn1ag==

prr@~1.0.1:
  version "1.0.1"
  resolved "https://registry.yarnpkg.com/prr/-/prr-1.0.1.tgz#d3fc114ba06995a45ec6893f484ceb1d78f5f476"
  integrity sha1-0/wRS6BplaRexok/SEzrHXj19HY=

readable-stream@^2.0.1, readable-stream@^2.0.2, readable-stream@~2.3.6:
  version "2.3.7"
  resolved "https://registry.yarnpkg.com/readable-stream/-/readable-stream-2.3.7.tgz#1eca1cf711aef814c04f62252a36a62f6cb23b57"
  integrity sha512-Ebho8K4jIbHAxnuxi7o42OrZgF/ZTNcsZj6nRKyUmkhLFq8CHItp/fy6hQZuZmP/n3yZ9VBUbp4zz/mX8hmYPw==
  dependencies:
    core-util-is "~1.0.0"
    inherits "~2.0.3"
    isarray "~1.0.0"
    process-nextick-args "~2.0.0"
    safe-buffer "~5.1.1"
    string_decoder "~1.1.1"
    util-deprecate "~1.0.1"

readable-stream@~2.0.0:
  version "2.0.6"
  resolved "https://registry.yarnpkg.com/readable-stream/-/readable-stream-2.0.6.tgz#8f90341e68a53ccc928788dacfcd11b36eb9b78e"
  integrity sha1-j5A0HmilPMySh4jaz80Rs265t44=
  dependencies:
    core-util-is "~1.0.0"
    inherits "~2.0.1"
    isarray "~1.0.0"
    process-nextick-args "~1.0.6"
    string_decoder "~0.10.x"
    util-deprecate "~1.0.1"

regenerator-runtime@^0.11.0:
  version "0.11.1"
  resolved "https://registry.yarnpkg.com/regenerator-runtime/-/regenerator-runtime-0.11.1.tgz#be05ad7f9bf7d22e056f9726cee5017fbf19e2e9"
  integrity sha512-MguG95oij0fC3QV3URf4V2SDYGJhJnJGqvIIgdECeODCT98wSWDAJ94SSuVpYQUoTcGUIL6L4yNB7j1DFFHSBg==

resolve@1.1.7:
  version "1.1.7"
  resolved "https://registry.yarnpkg.com/resolve/-/resolve-1.1.7.tgz#203114d82ad2c5ed9e8e0411b3932875e889e97b"
  integrity sha1-IDEU2CrSxe2ejgQRs5ModeiJ6Xs=

resolve@^1.1.3:
  version "1.20.0"
  resolved "https://registry.yarnpkg.com/resolve/-/resolve-1.20.0.tgz#629a013fb3f70755d6f0b7935cc1c2c5378b1975"
  integrity sha512-wENBPt4ySzg4ybFQW2TT1zMQucPK95HSh/nq2CFTZVOGut2+pQvSsgtda4d26YrYcr067wjbmzOG8byDPBX63A==
  dependencies:
    is-core-module "^2.2.0"
    path-parse "^1.0.6"

safe-buffer@~5.1.0, safe-buffer@~5.1.1:
  version "5.1.2"
  resolved "https://registry.yarnpkg.com/safe-buffer/-/safe-buffer-5.1.2.tgz#991ec69d296e0313747d59bdfd2b745c35f8828d"
  integrity sha512-Gd2UZBJDkXlY7GbJxfsE8/nvKkUEU1G38c1siN6QP6a9PT9MmHB8GnpscSmMJSoF8LOIrt8ud/wPtojys4G6+g==

stream-combiner2@^1.1.1:
  version "1.1.1"
  resolved "https://registry.yarnpkg.com/stream-combiner2/-/stream-combiner2-1.1.1.tgz#fb4d8a1420ea362764e21ad4780397bebcb41cbe"
  integrity sha1-+02KFCDqNidk4hrUeAOXvry0HL4=
  dependencies:
    duplexer2 "~0.1.0"
    readable-stream "^2.0.2"

string_decoder@~0.10.x:
  version "0.10.31"
  resolved "https://registry.yarnpkg.com/string_decoder/-/string_decoder-0.10.31.tgz#62e203bc41766c6c28c9fc84301dab1c5310fa94"
  integrity sha1-YuIDvEF2bGwoyfyEMB2rHFMQ+pQ=

string_decoder@~1.1.1:
  version "1.1.1"
  resolved "https://registry.yarnpkg.com/string_decoder/-/string_decoder-1.1.1.tgz#9cf1611ba62685d7030ae9e4ba34149c3af03fc8"
  integrity sha512-n/ShnvDi6FHbbVfviro+WojiFzv+s8MPMHBczVePfUpDJLwoLT0ht1l4YwBCbi8pJAveEEdnkHyPyTP/mzRfwg==
  dependencies:
    safe-buffer "~5.1.0"

strip-ansi@^3.0.0:
  version "3.0.1"
  resolved "https://registry.yarnpkg.com/strip-ansi/-/strip-ansi-3.0.1.tgz#6a385fb8853d952d5ff05d0e8aaf94278dc63dcf"
  integrity sha1-ajhfuIU9lS1f8F0Oiq+UJ43GPc8=
  dependencies:
    ansi-regex "^2.0.0"

subarg@^1.0.0:
  version "1.0.0"
  resolved "https://registry.yarnpkg.com/subarg/-/subarg-1.0.0.tgz#f62cf17581e996b48fc965699f54c06ae268b8d2"
  integrity sha1-9izxdYHplrSPyWVpn1TAauJouNI=
  dependencies:
    minimist "^1.1.0"

supports-color@^2.0.0:
  version "2.0.0"
  resolved "https://registry.yarnpkg.com/supports-color/-/supports-color-2.0.0.tgz#535d045ce6b6363fa40117084629995e9df324c7"
  integrity sha1-U10EXOa2Nj+kARcIRimZXp3zJMc=

tapable@^0.2.7:
  version "0.2.9"
  resolved "https://registry.yarnpkg.com/tapable/-/tapable-0.2.9.tgz#af2d8bbc9b04f74ee17af2b4d9048f807acd18a8"
  integrity sha512-2wsvQ+4GwBvLPLWsNfLCDYGsW6xb7aeC6utq2Qh0PFwgEy7K7dsma9Jsmb2zSQj7GvYAyUGSntLtsv++GmgL1A==

through2@^2.0.0:
  version "2.0.5"
  resolved "https://registry.yarnpkg.com/through2/-/through2-2.0.5.tgz#01c1e39eb31d07cb7d03a96a70823260b23132cd"
  integrity sha512-/mrRod8xqpA+IHSLyGCQ2s8SPHiCDEeQJSep1jqLYeEUClOFG2Qsh+4FU6G9VeqpZnGW/Su8LQGc4YKni5rYSQ==
  dependencies:
    readable-stream "~2.3.6"
    xtend "~4.0.1"

"through@>=2.2.7 <3":
  version "2.3.8"
  resolved "https://registry.yarnpkg.com/through/-/through-2.3.8.tgz#0dd4c9ffaabc357960b1b724115d7e0e86a2e1f5"
  integrity sha1-DdTJ/6q8NXlgsbckEV1+Doai4fU=

to-fast-properties@^1.0.3:
  version "1.0.3"
  resolved "https://registry.yarnpkg.com/to-fast-properties/-/to-fast-properties-1.0.3.tgz#b83571fa4d8c25b82e231b06e3a3055de4ca1a47"
  integrity sha1-uDVx+k2MJbguIxsG46MFXeTKGkc=

tslib@^1.11.1:
  version "1.14.1"
  resolved "https://registry.yarnpkg.com/tslib/-/tslib-1.14.1.tgz#cf2d38bdc34a134bcaf1091c41f6619e2f672d00"
  integrity sha512-Xni35NKzjgMrwevysHTCArtLDpPvye8zV/0E4EyYn43P7/7qvQwPh9BGkHewbMulVntbigmcT7rdX3BNo9wRJg==

tslib@^2.0.0:
  version "2.3.0"
  resolved "https://registry.yarnpkg.com/tslib/-/tslib-2.3.0.tgz#803b8cdab3e12ba581a4ca41c8839bbb0dacb09e"
  integrity sha512-N82ooyxVNm6h1riLCoyS9e3fuJ3AMG2zIZs2Gd1ATcSFjSA23Q0fzjjZeh0jbJvWVDZ0cJT8yaNNaaXHzueNjg==

typedarray@~0.0.5:
  version "0.0.6"
  resolved "https://registry.yarnpkg.com/typedarray/-/typedarray-0.0.6.tgz#867ac74e3864187b1d3d47d996a78ec5c8830777"
  integrity sha1-hnrHTjhkGHsdPUfZlqeOxciDB3c=

util-deprecate@~1.0.1:
  version "1.0.2"
  resolved "https://registry.yarnpkg.com/util-deprecate/-/util-deprecate-1.0.2.tgz#450d4dc9fa70de732762fbd2d4a28981419a0ccf"
  integrity sha1-RQ1Nyfpw3nMnYvvS1KKJgUGaDM8=

uuid@^8.3.2:
  version "8.3.2"
  resolved "https://registry.yarnpkg.com/uuid/-/uuid-8.3.2.tgz#80d5b5ced271bb9af6c445f21a1a04c606cefbe2"
  integrity sha512-+NYs2QeMWy+GWFOEm9xnn6HCDp0l7QBD7ml8zLUmJ+93Q5NF0NocErnwkTkXVFNiX3/fpC6afS8Dhb/gz7R7eg==

xtend@^4.0.0, xtend@~4.0.1:
  version "4.0.2"
  resolved "https://registry.yarnpkg.com/xtend/-/xtend-4.0.2.tgz#bb72779f5fa465186b1f438f674fa347fdb5db54"
  integrity sha512-LKYU1iAXJXUgAXn9URjiu+MWhyUXHsvfp7mcuYm9dSUKK0/CjtrUwFAxD82/mCWbtLsGjFIad0wIsod4zrTAEQ==
